
Microsoft Visual Studio Solution File, Format Version 12.00
# Visual Studio Version 17
VisualStudioVersion = 17.2.32616.157
MinimumVisualStudioVersion = 10.0.40219.1
Project("{2150E333-8FDC-42A3-9474-1A3956D46DE8}") = "Solution Items", "Solution Items", "{2801CB6C-78DE-4129-B5C6-D349F47F9B5C}"
	ProjectSection(SolutionItems) = preProject
		..\azure-pipeline - Commerce.CommerceTools.yml = ..\azure-pipeline - Commerce.CommerceTools.yml
		..\azure-pipeline - Crm.Hubspot.yml = ..\azure-pipeline - Crm.Hubspot.yml
		..\azure-pipeline - SEO.SemrushTools.yml = ..\azure-pipeline - SEO.SemrushTools.yml
		..\azure-pipelines - Commerce.Shopify.yml = ..\azure-pipelines - Commerce.Shopify.yml
		..\README.md = ..\README.md
	EndProjectSection
EndProject
Project("{2150E333-8FDC-42A3-9474-1A3956D46DE8}") = "Search", "Search", "{F56605AE-2258-4F61-B454-4247334DFC26}"
EndProject
Project("{2150E333-8FDC-42A3-9474-1A3956D46DE8}") = "Algolia", "Algolia", "{F2CAA1F7-9BED-4EB6-8875-D176B92D393A}"
EndProject
Project("{9A19103F-16F7-4668-BE54-9A1E7A4F7556}") = "Umbraco.Cms.Integrations.Search.Algolia", "Umbraco.Cms.Integrations.Search.Algolia\Umbraco.Cms.Integrations.Search.Algolia.csproj", "{434608E7-143B-4761-A7E9-328DF0CFAB89}"
EndProject
Project("{9A19103F-16F7-4668-BE54-9A1E7A4F7556}") = "Umbraco.Cms.Integrations.Testsite.V14", "Umbraco.Cms.Integrations.Testsite.V14\Umbraco.Cms.Integrations.Testsite.V14.csproj", "{63DFF70E-5566-4FBC-94B1-9778BD4B8DA6}"
EndProject
Project("{2150E333-8FDC-42A3-9474-1A3956D46DE8}") = "Automation", "Automation", "{6A1E1D13-8EDE-4016-9355-4C59807701DE}"
EndProject
Project("{2150E333-8FDC-42A3-9474-1A3956D46DE8}") = "Zapier", "Zapier", "{6AA47D4A-5876-4E66-982B-BA67AF6C5DF9}"
EndProject
Project("{9A19103F-16F7-4668-BE54-9A1E7A4F7556}") = "Umbraco.Cms.Integrations.Automation.Zapier", "Umbraco.Cms.Integrations.Automation.Zapier\Umbraco.Cms.Integrations.Automation.Zapier.csproj", "{5EED84C5-432F-49F2-A119-3FE6D3E6BBDF}"
EndProject
Project("{2150E333-8FDC-42A3-9474-1A3956D46DE8}") = "Crm", "Crm", "{8736740E-72E9-4249-803C-7254D5F08BD4}"
EndProject
Project("{2150E333-8FDC-42A3-9474-1A3956D46DE8}") = "HubSpot", "HubSpot", "{9D18B109-4E18-4EEC-B5BE-DAA27CADEAC0}"
EndProject
Project("{9A19103F-16F7-4668-BE54-9A1E7A4F7556}") = "Umbraco.Cms.Integrations.Crm.Hubspot", "Umbraco.Cms.Integrations.Crm.Hubspot\Umbraco.Cms.Integrations.Crm.Hubspot.csproj", "{3ACC56EC-1A65-4A63-8DB4-428D8D2A6380}"
EndProject
Project("{2150E333-8FDC-42A3-9474-1A3956D46DE8}") = "Commerce", "Commerce", "{712BCE87-E004-479D-BB49-6BA287ED1B5D}"
EndProject
Project("{2150E333-8FDC-42A3-9474-1A3956D46DE8}") = "Shopify", "Shopify", "{D04EE8B1-1354-4B59-A224-646643A4E345}"
EndProject
Project("{9A19103F-16F7-4668-BE54-9A1E7A4F7556}") = "Umbraco.Cms.Integrations.Commerce.Shopify", "Umbraco.Cms.Integrations.Commerce.Shopify\Umbraco.Cms.Integrations.Commerce.Shopify.csproj", "{1D1A9DC0-DB6B-4979-92B6-EAD1F992F1AB}"
EndProject
Project("{2150E333-8FDC-42A3-9474-1A3956D46DE8}") = "Dynamics", "Dynamics", "{BF22D815-616E-49D5-93EB-18FCE975D3BE}"
EndProject
Project("{9A19103F-16F7-4668-BE54-9A1E7A4F7556}") = "Umbraco.Cms.Integrations.Crm.Dynamics", "Umbraco.Cms.Integrations.Crm.Dynamics\Umbraco.Cms.Integrations.Crm.Dynamics.csproj", "{02566D6E-91EB-47AD-9964-9A8FC1837F4B}"
EndProject
Global
	GlobalSection(SolutionConfigurationPlatforms) = preSolution
		Debug|Any CPU = Debug|Any CPU
		Release|Any CPU = Release|Any CPU
	EndGlobalSection
	GlobalSection(ProjectConfigurationPlatforms) = postSolution
		{434608E7-143B-4761-A7E9-328DF0CFAB89}.Debug|Any CPU.ActiveCfg = Debug|Any CPU
		{434608E7-143B-4761-A7E9-328DF0CFAB89}.Debug|Any CPU.Build.0 = Debug|Any CPU
		{434608E7-143B-4761-A7E9-328DF0CFAB89}.Release|Any CPU.ActiveCfg = Release|Any CPU
		{434608E7-143B-4761-A7E9-328DF0CFAB89}.Release|Any CPU.Build.0 = Release|Any CPU
		{63DFF70E-5566-4FBC-94B1-9778BD4B8DA6}.Debug|Any CPU.ActiveCfg = Debug|Any CPU
		{63DFF70E-5566-4FBC-94B1-9778BD4B8DA6}.Debug|Any CPU.Build.0 = Debug|Any CPU
		{63DFF70E-5566-4FBC-94B1-9778BD4B8DA6}.Release|Any CPU.ActiveCfg = Release|Any CPU
		{63DFF70E-5566-4FBC-94B1-9778BD4B8DA6}.Release|Any CPU.Build.0 = Release|Any CPU
		{5EED84C5-432F-49F2-A119-3FE6D3E6BBDF}.Debug|Any CPU.ActiveCfg = Debug|Any CPU
		{5EED84C5-432F-49F2-A119-3FE6D3E6BBDF}.Debug|Any CPU.Build.0 = Debug|Any CPU
		{5EED84C5-432F-49F2-A119-3FE6D3E6BBDF}.Release|Any CPU.ActiveCfg = Release|Any CPU
		{5EED84C5-432F-49F2-A119-3FE6D3E6BBDF}.Release|Any CPU.Build.0 = Release|Any CPU
		{3ACC56EC-1A65-4A63-8DB4-428D8D2A6380}.Debug|Any CPU.ActiveCfg = Debug|Any CPU
		{3ACC56EC-1A65-4A63-8DB4-428D8D2A6380}.Debug|Any CPU.Build.0 = Debug|Any CPU
		{3ACC56EC-1A65-4A63-8DB4-428D8D2A6380}.Release|Any CPU.ActiveCfg = Release|Any CPU
		{3ACC56EC-1A65-4A63-8DB4-428D8D2A6380}.Release|Any CPU.Build.0 = Release|Any CPU
		{1D1A9DC0-DB6B-4979-92B6-EAD1F992F1AB}.Debug|Any CPU.ActiveCfg = Debug|Any CPU
		{1D1A9DC0-DB6B-4979-92B6-EAD1F992F1AB}.Debug|Any CPU.Build.0 = Debug|Any CPU
		{1D1A9DC0-DB6B-4979-92B6-EAD1F992F1AB}.Release|Any CPU.ActiveCfg = Release|Any CPU
		{1D1A9DC0-DB6B-4979-92B6-EAD1F992F1AB}.Release|Any CPU.Build.0 = Release|Any CPU
		{02566D6E-91EB-47AD-9964-9A8FC1837F4B}.Debug|Any CPU.ActiveCfg = Debug|Any CPU
		{02566D6E-91EB-47AD-9964-9A8FC1837F4B}.Debug|Any CPU.Build.0 = Debug|Any CPU
		{02566D6E-91EB-47AD-9964-9A8FC1837F4B}.Release|Any CPU.ActiveCfg = Release|Any CPU
		{02566D6E-91EB-47AD-9964-9A8FC1837F4B}.Release|Any CPU.Build.0 = Release|Any CPU
	EndGlobalSection
	GlobalSection(SolutionProperties) = preSolution
		HideSolutionNode = FALSE
	EndGlobalSection
	GlobalSection(NestedProjects) = preSolution
		{F2CAA1F7-9BED-4EB6-8875-D176B92D393A} = {F56605AE-2258-4F61-B454-4247334DFC26}
		{434608E7-143B-4761-A7E9-328DF0CFAB89} = {F2CAA1F7-9BED-4EB6-8875-D176B92D393A}
		{6AA47D4A-5876-4E66-982B-BA67AF6C5DF9} = {6A1E1D13-8EDE-4016-9355-4C59807701DE}
		{5EED84C5-432F-49F2-A119-3FE6D3E6BBDF} = {6AA47D4A-5876-4E66-982B-BA67AF6C5DF9}
		{9D18B109-4E18-4EEC-B5BE-DAA27CADEAC0} = {8736740E-72E9-4249-803C-7254D5F08BD4}
		{3ACC56EC-1A65-4A63-8DB4-428D8D2A6380} = {9D18B109-4E18-4EEC-B5BE-DAA27CADEAC0}
		{D04EE8B1-1354-4B59-A224-646643A4E345} = {712BCE87-E004-479D-BB49-6BA287ED1B5D}
		{1D1A9DC0-DB6B-4979-92B6-EAD1F992F1AB} = {D04EE8B1-1354-4B59-A224-646643A4E345}
		{BF22D815-616E-49D5-93EB-18FCE975D3BE} = {8736740E-72E9-4249-803C-7254D5F08BD4}
		{02566D6E-91EB-47AD-9964-9A8FC1837F4B} = {BF22D815-616E-49D5-93EB-18FCE975D3BE}
	EndGlobalSection
	GlobalSection(ExtensibilityGlobals) = postSolution
		SolutionGuid = {2FB51E08-A3C8-4DFF-B3CB-E99C2ED021D5}
	EndGlobalSection
EndGlobal
