
Microsoft Visual Studio Solution File, Format Version 12.00
# Visual Studio Version 16
VisualStudioVersion = 16.0.31515.178
MinimumVisualStudioVersion = 10.0.40219.1
Project("{9A19103F-16F7-4668-BE54-9A1E7A4F7556}") = "Umbraco.Cms.Integrations.Commerce.CommerceTools", "Umbraco.Cms.Integrations.Commerce.CommerceTools\Umbraco.Cms.Integrations.Commerce.CommerceTools.csproj", "{85A73911-0146-409F-9488-33EA5750A07C}"
EndProject
Project("{FAE04EC0-301F-11D3-BF4B-00C04F79EFBC}") = "Umbraco.Cms.Integrations.Commerce.CommerceTools.Testsite.V8", "Umbraco.Cms.Integrations.Commerce.CommerceTools.Testsite.V8\Umbraco.Cms.Integrations.Commerce.CommerceTools.Testsite.V8.csproj", "{4C4A15B6-6B1D-4B8C-B070-FF614A22D694}"
EndProject
Project("{2150E333-8FDC-42A3-9474-1A3956D46DE8}") = "Commerce", "Commerce", "{82B16D39-675A-4D40-808D-C6DDFDA37C20}"
EndProject
Project("{2150E333-8FDC-42A3-9474-1A3956D46DE8}") = "CommerceTools", "CommerceTools", "{374203EC-D774-443A-9AFF-559D2C1D9E76}"
EndProject
Project("{2150E333-8FDC-42A3-9474-1A3956D46DE8}") = "Solution Items", "Solution Items", "{2801CB6C-78DE-4129-B5C6-D349F47F9B5C}"
	ProjectSection(SolutionItems) = preProject
		..\azure-pipeline - Commerce.CommerceTools.yml = ..\azure-pipeline - Commerce.CommerceTools.yml
		..\README.md = ..\README.md
	EndProjectSection
EndProject
Project("{2150E333-8FDC-42A3-9474-1A3956D46DE8}") = "SEO", "SEO", "{5412E123-F4CD-448D-88F8-EC01403365C4}"
EndProject
Project("{2150E333-8FDC-42A3-9474-1A3956D46DE8}") = "SemrushTools", "SemrushTools", "{CA69D494-27A5-4888-B2F9-5886D735CCCC}"
EndProject
Project("{FAE04EC0-301F-11D3-BF4B-00C04F79EFBC}") = "Umbraco.Cms.Integrations.SEO.SemrushTools", "Umbraco.Cms.Integrations.SEO.SemrushTools\Umbraco.Cms.Integrations.SEO.SemrushTools\Umbraco.Cms.Integrations.SEO.SemrushTools.csproj", "{6D62AFF0-09B3-4AC6-934D-6FA96D87A27D}"
EndProject
Project("{FAE04EC0-301F-11D3-BF4B-00C04F79EFBC}") = "Testsite.V8", "Umbraco.Cms.Integrations.SEO.SemrushTools.Testsite.V8\Testsite.V8\Testsite.V8.csproj", "{F0A4B481-A8A8-4C06-AEF0-1E9F0CFAB007}"
EndProject
Global
	GlobalSection(SolutionConfigurationPlatforms) = preSolution
		Debug|Any CPU = Debug|Any CPU
		Release|Any CPU = Release|Any CPU
	EndGlobalSection
	GlobalSection(ProjectConfigurationPlatforms) = postSolution
		{85A73911-0146-409F-9488-33EA5750A07C}.Debug|Any CPU.ActiveCfg = Debug|Any CPU
		{85A73911-0146-409F-9488-33EA5750A07C}.Debug|Any CPU.Build.0 = Debug|Any CPU
		{85A73911-0146-409F-9488-33EA5750A07C}.Release|Any CPU.ActiveCfg = Release|Any CPU
		{85A73911-0146-409F-9488-33EA5750A07C}.Release|Any CPU.Build.0 = Release|Any CPU
		{4C4A15B6-6B1D-4B8C-B070-FF614A22D694}.Debug|Any CPU.ActiveCfg = Debug|Any CPU
		{4C4A15B6-6B1D-4B8C-B070-FF614A22D694}.Debug|Any CPU.Build.0 = Debug|Any CPU
		{4C4A15B6-6B1D-4B8C-B070-FF614A22D694}.Release|Any CPU.ActiveCfg = Release|Any CPU
		{4C4A15B6-6B1D-4B8C-B070-FF614A22D694}.Release|Any CPU.Build.0 = Release|Any CPU
		{6D62AFF0-09B3-4AC6-934D-6FA96D87A27D}.Debug|Any CPU.ActiveCfg = Debug|Any CPU
		{6D62AFF0-09B3-4AC6-934D-6FA96D87A27D}.Debug|Any CPU.Build.0 = Debug|Any CPU
		{6D62AFF0-09B3-4AC6-934D-6FA96D87A27D}.Release|Any CPU.ActiveCfg = Release|Any CPU
		{6D62AFF0-09B3-4AC6-934D-6FA96D87A27D}.Release|Any CPU.Build.0 = Release|Any CPU
		{F0A4B481-A8A8-4C06-AEF0-1E9F0CFAB007}.Debug|Any CPU.ActiveCfg = Debug|Any CPU
		{F0A4B481-A8A8-4C06-AEF0-1E9F0CFAB007}.Debug|Any CPU.Build.0 = Debug|Any CPU
		{F0A4B481-A8A8-4C06-AEF0-1E9F0CFAB007}.Release|Any CPU.ActiveCfg = Release|Any CPU
		{F0A4B481-A8A8-4C06-AEF0-1E9F0CFAB007}.Release|Any CPU.Build.0 = Release|Any CPU
	EndGlobalSection
	GlobalSection(SolutionProperties) = preSolution
		HideSolutionNode = FALSE
	EndGlobalSection
	GlobalSection(NestedProjects) = preSolution
		{85A73911-0146-409F-9488-33EA5750A07C} = {374203EC-D774-443A-9AFF-559D2C1D9E76}
		{4C4A15B6-6B1D-4B8C-B070-FF614A22D694} = {374203EC-D774-443A-9AFF-559D2C1D9E76}
		{374203EC-D774-443A-9AFF-559D2C1D9E76} = {82B16D39-675A-4D40-808D-C6DDFDA37C20}
		{CA69D494-27A5-4888-B2F9-5886D735CCCC} = {5412E123-F4CD-448D-88F8-EC01403365C4}
		{6D62AFF0-09B3-4AC6-934D-6FA96D87A27D} = {CA69D494-27A5-4888-B2F9-5886D735CCCC}
		{F0A4B481-A8A8-4C06-AEF0-1E9F0CFAB007} = {CA69D494-27A5-4888-B2F9-5886D735CCCC}
	EndGlobalSection
	GlobalSection(ExtensibilityGlobals) = postSolution
		SolutionGuid = {2FB51E08-A3C8-4DFF-B3CB-E99C2ED021D5}
	EndGlobalSection
EndGlobal
